
Microsoft Visual Studio Solution File, Format Version 12.00
# Visual Studio 15
VisualStudioVersion = 15.0.27703.2042
MinimumVisualStudioVersion = 10.0.40219.1
Project("{FAE04EC0-301F-11D3-BF4B-00C04F79EFBC}") = "Tester", "Tester\Tester.csproj", "{D4C1AD63-1905-4FA5-9459-8788B2C6A68C}"
EndProject
Project("{FAE04EC0-301F-11D3-BF4B-00C04F79EFBC}") = "Cinch.Reloaded", "Cinch.Reloaded\Cinch.Reloaded.csproj", "{673879AD-29C1-42B8-9A79-3750418696AB}"
EndProject
Global
	GlobalSection(SolutionConfigurationPlatforms) = preSolution
		Debug|Any CPU = Debug|Any CPU
		Debug|x86 = Debug|x86
		Release|Any CPU = Release|Any CPU
		Release|x86 = Release|x86
	EndGlobalSection
	GlobalSection(ProjectConfigurationPlatforms) = postSolution
		{D4C1AD63-1905-4FA5-9459-8788B2C6A68C}.Debug|Any CPU.ActiveCfg = Debug|Any CPU
		{D4C1AD63-1905-4FA5-9459-8788B2C6A68C}.Debug|Any CPU.Build.0 = Debug|Any CPU
		{D4C1AD63-1905-4FA5-9459-8788B2C6A68C}.Debug|x86.ActiveCfg = Debug|Any CPU
		{D4C1AD63-1905-4FA5-9459-8788B2C6A68C}.Release|Any CPU.ActiveCfg = Release|Any CPU
		{D4C1AD63-1905-4FA5-9459-8788B2C6A68C}.Release|Any CPU.Build.0 = Release|Any CPU
		{D4C1AD63-1905-4FA5-9459-8788B2C6A68C}.Release|x86.ActiveCfg = Release|Any CPU
		{673879AD-29C1-42B8-9A79-3750418696AB}.Debug|Any CPU.ActiveCfg = Debug|Any CPU
		{673879AD-29C1-42B8-9A79-3750418696AB}.Debug|Any CPU.Build.0 = Debug|Any CPU
		{673879AD-29C1-42B8-9A79-3750418696AB}.Debug|x86.ActiveCfg = Debug|x86
		{673879AD-29C1-42B8-9A79-3750418696AB}.Debug|x86.Build.0 = Debug|x86
		{673879AD-29C1-42B8-9A79-3750418696AB}.Release|Any CPU.ActiveCfg = Release|Any CPU
		{673879AD-29C1-42B8-9A79-3750418696AB}.Release|Any CPU.Build.0 = Release|Any CPU
		{673879AD-29C1-42B8-9A79-3750418696AB}.Release|x86.ActiveCfg = Release|x86
		{673879AD-29C1-42B8-9A79-3750418696AB}.Release|x86.Build.0 = Release|x86
	EndGlobalSection
	GlobalSection(SolutionProperties) = preSolution
		HideSolutionNode = FALSE
	EndGlobalSection
	GlobalSection(ExtensibilityGlobals) = postSolution
		SolutionGuid = {44AE6FE4-C250-4812-BAA8-3ED9E0C979E2}
	EndGlobalSection
EndGlobal
